{
  "name": "maydocsach-ereader-wizard",
  "version": "0.1.3",
  "lockfileVersion": 3,
  "requires": true,
  "packages": {
    "": {
      "name": "maydocsach-ereader-wizard",
      "version": "0.1.3",
      "dependencies": {
        "@gitbook/runtime": "^0.23.3"
      },
      "devDependencies": {
        "typescript": "^5.6.3"
      }
    },
    "node_modules/@gitbook/api": {
      "version": "0.202.0",
      "resolved": "https://registry.npmjs.org/@gitbook/api/-/api-0.202.0.tgz",
      "integrity": "sha512-qhrjEQbNNmCljR0AgP79+BsVh9yelh9TIBg9X3TyYx5a3lJwDiT3sw1ND9DFQSxGHp8hH5w+20KJHn/IDpTbaw==",
      "dependencies": {
        "event-iterator": "^2.0.0",
        "eventsource-parser": "^3.0.0"
      }
    },
    "node_modules/@gitbook/runtime": {
      "version": "0.23.3",
      "resolved": "https://registry.npmjs.org/@gitbook/runtime/-/runtime-0.23.3.tgz",
      "integrity": "sha512-ceMAR+mFr3/E3HSaIhzdllVAPTg4mtoceYDLlDQlaXF6EilPq2lZdeNPAB78FW2RH3Q4al9LCl64QHbTvHYJAQ==",
      "dependencies": {
        "@gitbook/api": "*"
      }
    },
    "node_modules/event-iterator": {
      "version": "2.0.0",
      "resolved": "https://registry.npmjs.org/event-iterator/-/event-iterator-2.0.0.tgz",
      "integrity": "sha512-KGft0ldl31BZVV//jj+IAIGCxkvvUkkON+ScH6zfoX+l+omX6001ggyRSpI0Io2Hlro0ThXotswCtfzS8UkIiQ==",
      "license": "MIT"
    },
    "node_modules/eventsource-parser": {
      "version": "3.1.1",
      "resolved": "https://registry.npmjs.org/eventsource-parser/-/eventsource-parser-3.1.1.tgz",
      "integrity": "sha512-EKN1vKAMcZ8MlYMpaNuxN6R9yakzH6uajHcWjZvu5pWw9DyhbP35HH8MVBQ+dZjAfDxk+A8NiR9KWaXiyQ==",
      "license": "MIT",
      "engines": {
        "node": ">=18.0.0"
      }
    },
    "node_modules/typescript": {
      "version": "5.9.3",
      "resolved": "https://registry.npmjs.org/typescript/-/typescript-5.9.3.tgz",
      "integrity": "sha512-jl1vZzPDinLr9eUt3J/t7V6FgNEw9QjvBPdysz9KfQDD41fQrC2Y4vKQdiaUpFT4bXlb1RHhLpp8wtm6M5TgSw==",
      "dev": true,
      "license": "Apache-2.0",
      "bin": {
        "tsc": "bin/tsc",
        "tsserver": "bin/tsserver"
      },
      "engines": {
        "node": ">=14.17"
      }
    }
  }
}
